
Microsoft Visual Studio Solution File, Format Version 12.00
# Visual Studio Version 17
VisualStudioVersion = 17.4.33213.308
MinimumVisualStudioVersion = 10.0.40219.1
Project("{FAE04EC0-301F-11D3-BF4B-00C04F79EFBC}") = "BraintreePaymentApp", "BraintreePaymentApp.csproj", "{B3011383-872C-4479-8D60-46CFA96FA857}"
EndProject
Global
	GlobalSection(SolutionConfigurationPlatforms) = preSolution
		Debug|Any CPU = Debug|Any CPU
		Release|Any CPU = Release|Any CPU
	EndGlobalSection
	GlobalSection(ProjectConfigurationPlatforms) = postSolution
		{B3011383-872C-4479-8D60-46CFA96FA857}.Debug|Any CPU.ActiveCfg = Debug|Any CPU
		{B3011383-872C-4479-8D60-46CFA96FA857}.Debug|Any CPU.Build.0 = Debug|Any CPU
		{B3011383-872C-4479-8D60-46CFA96FA857}.Release|Any CPU.ActiveCfg = Release|Any CPU
		{B3011383-872C-4479-8D60-46CFA96FA857}.Release|Any CPU.Build.0 = Release|Any CPU
	EndGlobalSection
	GlobalSection(SolutionProperties) = preSolution
		HideSolutionNode = FALSE
	EndGlobalSection
	GlobalSection(ExtensibilityGlobals) = postSolution
		SolutionGuid = {12202E3F-ACF3-43AD-ACD3-864AFF063372}
	EndGlobalSection
EndGlobal
